
Microsoft Visual Studio Solution File, Format Version 12.00
# Visual Studio Version 17
VisualStudioVersion = 17.0.32014.148
MinimumVisualStudioVersion = 10.0.40219.1
Project("{2150E333-8FDC-42A3-9474-1A3956D46DE8}") = "Certify", "Certify", "{D6E57C0E-A05B-42E9-B790-95EF980E186B}"
EndProject
Project("{2150E333-8FDC-42A3-9474-1A3956D46DE8}") = "Example", "Example", "{49EB6532-8414-4B69-BB2A-674180AA7391}"
EndProject
Project("{2150E333-8FDC-42A3-9474-1A3956D46DE8}") = "Test", "Test", "{651B835F-849C-4FDA-914C-D522578A7FD7}"
EndProject
Project("{9A19103F-16F7-4668-BE54-9A1E7A4F7556}") = "InHouseOidc.Api", "InHouseOidc.Api\InHouseOidc.Api.csproj", "{0B4DF2E3-968B-4BA2-B720-8C2C4B20F852}"
EndProject
Project("{9A19103F-16F7-4668-BE54-9A1E7A4F7556}") = "InHouseOidc.Api.Test", "InHouseOidc.Api.Test\InHouseOidc.Api.Test.csproj", "{D8705672-6FE5-4FA7-99D2-6CDE4DF5C01D}"
EndProject
Project("{9A19103F-16F7-4668-BE54-9A1E7A4F7556}") = "InHouseOidc.Certify.Provider", "InHouseOidc.Certify.Provider\InHouseOidc.Certify.Provider.csproj", "{2E53189E-627A-462F-8F5A-877C0620B012}"
EndProject
Project("{9A19103F-16F7-4668-BE54-9A1E7A4F7556}") = "InHouseOidc.Common", "InHouseOidc.Common\InHouseOidc.Common.csproj", "{BC80F874-CF22-4664-A7FC-F4C1BC4952E8}"
EndProject
Project("{9A19103F-16F7-4668-BE54-9A1E7A4F7556}") = "InHouseOidc.Common.Test", "InHouseOidc.Common.Test\InHouseOidc.Common.Test.csproj", "{A67F9561-1A29-494C-ACC7-D86DB519BCF2}"
EndProject
Project("{9A19103F-16F7-4668-BE54-9A1E7A4F7556}") = "InHouseOidc.CredentialsClient", "InHouseOidc.CredentialsClient\InHouseOidc.CredentialsClient.csproj", "{FF683FDC-A901-43FA-9035-058C0C5CFDB3}"
EndProject
Project("{9A19103F-16F7-4668-BE54-9A1E7A4F7556}") = "InHouseOidc.Discovery", "InHouseOidc.Discovery\InHouseOidc.Discovery.csproj", "{FC65DF6A-7117-4386-91B4-D32FF18AEECE}"
EndProject
Project("{9A19103F-16F7-4668-BE54-9A1E7A4F7556}") = "InHouseOidc.Example.Api", "InHouseOidc.Example.Api\InHouseOidc.Example.Api.csproj", "{061F5889-B814-4F44-85EA-A8E3805DE5CA}"
EndProject
Project("{9A19103F-16F7-4668-BE54-9A1E7A4F7556}") = "InHouseOidc.Example.Common", "InHouseOidc.Example.Common\InHouseOidc.Example.Common.csproj", "{FE3A5609-63B1-4EAF-B6D3-1AB29FBE53EF}"
EndProject
Project("{9A19103F-16F7-4668-BE54-9A1E7A4F7556}") = "InHouseOidc.Example.CredentialsClient", "InHouseOidc.Example.CredentialsClient\InHouseOidc.Example.CredentialsClient.csproj", "{1CDE17A8-6A4B-4844-B818-3D172E93ADBD}"
EndProject
Project("{9A19103F-16F7-4668-BE54-9A1E7A4F7556}") = "InHouseOidc.Example.Mvc", "InHouseOidc.Example.Mvc\InHouseOidc.Example.Mvc.csproj", "{3981C192-C57A-4E47-80B4-F71110384C95}"
EndProject
Project("{9A19103F-16F7-4668-BE54-9A1E7A4F7556}") = "InHouseOidc.Example.Provider", "InHouseOidc.Example.Provider\InHouseOidc.Example.Provider.csproj", "{2279F34E-B59D-4855-80BF-D84F5D80EA30}"
EndProject
Project("{9A19103F-16F7-4668-BE54-9A1E7A4F7556}") = "InHouseOidc.Example.Razor", "InHouseOidc.Example.Razor\InHouseOidc.Example.Razor.csproj", "{9995775F-D1DA-4BB7-9860-0DFE69E79508}"
EndProject
Project("{9A19103F-16F7-4668-BE54-9A1E7A4F7556}") = "InHouseOidc.Provider", "InHouseOidc.Provider\InHouseOidc.Provider.csproj", "{D3F08F92-702B-4727-BC35-7A220964CA9E}"
EndProject
Project("{9A19103F-16F7-4668-BE54-9A1E7A4F7556}") = "InHouseOidc.Provider.Test", "InHouseOidc.Provider.Test\InHouseOidc.Provider.Test.csproj", "{5B227744-FACC-4BBD-B291-00C84367D254}"
EndProject
Project("{9A19103F-16F7-4668-BE54-9A1E7A4F7556}") = "InHouseOidc.Test.Common", "InHouseOidc.Test.Common\InHouseOidc.Test.Common.csproj", "{6123802F-D044-4192-87CE-A8E320CC7660}"
EndProject
Project("{2150E333-8FDC-42A3-9474-1A3956D46DE8}") = "Solution Items", "Solution Items", "{BB937530-7408-4C67-9FC6-EB50CCF41736}"
	ProjectSection(SolutionItems) = preProject
		.csharpierrc.json = .csharpierrc.json
		.editorconfig = .editorconfig
		.gitignore = .gitignore
		Coverage.ps1 = Coverage.ps1
		Directory.Build.props = Directory.Build.props
		global.json = global.json
		.github\workflows\issue.yml = .github\workflows\issue.yml
		LICENSE = LICENSE
		.github\workflows\main.yml = .github\workflows\main.yml
		README.md = README.md
		.github\workflows\release.yml = .github\workflows\release.yml
		stylecop.json = stylecop.json
	EndProjectSection
	ProjectSection(FolderGlobals) = preProject
		C_5_4Users_4brent_4source_4repos_4InHouseOidc_4_1editorconfig__JsonSchema = editorconfig
	EndProjectSection
EndProject
Project("{9A19103F-16F7-4668-BE54-9A1E7A4F7556}") = "InHouseOidc.PageClient", "InHouseOidc.PageClient\InHouseOidc.PageClient.csproj", "{071E01C1-3E6C-4452-A584-B1849A1C99E6}"
EndProject
Project("{9A19103F-16F7-4668-BE54-9A1E7A4F7556}") = "InHouseOidc.PageClient.Test", "InHouseOidc.PageClient.Test\InHouseOidc.PageClient.Test.csproj", "{120C62E1-895B-47FE-BFF0-91A8A90C5D95}"
EndProject
Project("{9A19103F-16F7-4668-BE54-9A1E7A4F7556}") = "InHouseOidc.CredentialsClient.Test", "InHouseOidc.CredentialsClient.Test\InHouseOidc.CredentialsClient.Test.csproj", "{BE9E679E-0D1B-4740-98B3-3C1375D5E1D8}"
EndProject
Project("{9A19103F-16F7-4668-BE54-9A1E7A4F7556}") = "InHouseOidc.Discovery.Test", "InHouseOidc.Discovery.Test\InHouseOidc.Discovery.Test.csproj", "{A4C835DE-21C5-4EB0-A873-CAC7BFB73DE7}"
EndProject
Global
	GlobalSection(SolutionConfigurationPlatforms) = preSolution
		Debug|Any CPU = Debug|Any CPU
		Release|Any CPU = Release|Any CPU
	EndGlobalSection
	GlobalSection(ProjectConfigurationPlatforms) = postSolution
		{0B4DF2E3-968B-4BA2-B720-8C2C4B20F852}.Debug|Any CPU.ActiveCfg = Debug|Any CPU
		{0B4DF2E3-968B-4BA2-B720-8C2C4B20F852}.Debug|Any CPU.Build.0 = Debug|Any CPU
		{0B4DF2E3-968B-4BA2-B720-8C2C4B20F852}.Release|Any CPU.ActiveCfg = Release|Any CPU
		{0B4DF2E3-968B-4BA2-B720-8C2C4B20F852}.Release|Any CPU.Build.0 = Release|Any CPU
		{D8705672-6FE5-4FA7-99D2-6CDE4DF5C01D}.Debug|Any CPU.ActiveCfg = Debug|Any CPU
		{D8705672-6FE5-4FA7-99D2-6CDE4DF5C01D}.Debug|Any CPU.Build.0 = Debug|Any CPU
		{D8705672-6FE5-4FA7-99D2-6CDE4DF5C01D}.Release|Any CPU.ActiveCfg = Release|Any CPU
		{D8705672-6FE5-4FA7-99D2-6CDE4DF5C01D}.Release|Any CPU.Build.0 = Release|Any CPU
		{2E53189E-627A-462F-8F5A-877C0620B012}.Debug|Any CPU.ActiveCfg = Debug|Any CPU
		{2E53189E-627A-462F-8F5A-877C0620B012}.Debug|Any CPU.Build.0 = Debug|Any CPU
		{2E53189E-627A-462F-8F5A-877C0620B012}.Release|Any CPU.ActiveCfg = Release|Any CPU
		{2E53189E-627A-462F-8F5A-877C0620B012}.Release|Any CPU.Build.0 = Release|Any CPU
		{BC80F874-CF22-4664-A7FC-F4C1BC4952E8}.Debug|Any CPU.ActiveCfg = Debug|Any CPU
		{BC80F874-CF22-4664-A7FC-F4C1BC4952E8}.Debug|Any CPU.Build.0 = Debug|Any CPU
		{BC80F874-CF22-4664-A7FC-F4C1BC4952E8}.Release|Any CPU.ActiveCfg = Release|Any CPU
		{BC80F874-CF22-4664-A7FC-F4C1BC4952E8}.Release|Any CPU.Build.0 = Release|Any CPU
		{A67F9561-1A29-494C-ACC7-D86DB519BCF2}.Debug|Any CPU.ActiveCfg = Debug|Any CPU
		{A67F9561-1A29-494C-ACC7-D86DB519BCF2}.Debug|Any CPU.Build.0 = Debug|Any CPU
		{A67F9561-1A29-494C-ACC7-D86DB519BCF2}.Release|Any CPU.ActiveCfg = Release|Any CPU
		{A67F9561-1A29-494C-ACC7-D86DB519BCF2}.Release|Any CPU.Build.0 = Release|Any CPU
		{FF683FDC-A901-43FA-9035-058C0C5CFDB3}.Debug|Any CPU.ActiveCfg = Debug|Any CPU
		{FF683FDC-A901-43FA-9035-058C0C5CFDB3}.Debug|Any CPU.Build.0 = Debug|Any CPU
		{FF683FDC-A901-43FA-9035-058C0C5CFDB3}.Release|Any CPU.ActiveCfg = Release|Any CPU
		{FF683FDC-A901-43FA-9035-058C0C5CFDB3}.Release|Any CPU.Build.0 = Release|Any CPU
		{FC65DF6A-7117-4386-91B4-D32FF18AEECE}.Debug|Any CPU.ActiveCfg = Debug|Any CPU
		{FC65DF6A-7117-4386-91B4-D32FF18AEECE}.Debug|Any CPU.Build.0 = Debug|Any CPU
		{FC65DF6A-7117-4386-91B4-D32FF18AEECE}.Release|Any CPU.ActiveCfg = Release|Any CPU
		{FC65DF6A-7117-4386-91B4-D32FF18AEECE}.Release|Any CPU.Build.0 = Release|Any CPU
		{061F5889-B814-4F44-85EA-A8E3805DE5CA}.Debug|Any CPU.ActiveCfg = Debug|Any CPU
		{061F5889-B814-4F44-85EA-A8E3805DE5CA}.Debug|Any CPU.Build.0 = Debug|Any CPU
		{061F5889-B814-4F44-85EA-A8E3805DE5CA}.Release|Any CPU.ActiveCfg = Release|Any CPU
		{061F5889-B814-4F44-85EA-A8E3805DE5CA}.Release|Any CPU.Build.0 = Release|Any CPU
		{FE3A5609-63B1-4EAF-B6D3-1AB29FBE53EF}.Debug|Any CPU.ActiveCfg = Debug|Any CPU
		{FE3A5609-63B1-4EAF-B6D3-1AB29FBE53EF}.Debug|Any CPU.Build.0 = Debug|Any CPU
		{FE3A5609-63B1-4EAF-B6D3-1AB29FBE53EF}.Release|Any CPU.ActiveCfg = Release|Any CPU
		{FE3A5609-63B1-4EAF-B6D3-1AB29FBE53EF}.Release|Any CPU.Build.0 = Release|Any CPU
		{1CDE17A8-6A4B-4844-B818-3D172E93ADBD}.Debug|Any CPU.ActiveCfg = Debug|Any CPU
		{1CDE17A8-6A4B-4844-B818-3D172E93ADBD}.Debug|Any CPU.Build.0 = Debug|Any CPU
		{1CDE17A8-6A4B-4844-B818-3D172E93ADBD}.Release|Any CPU.ActiveCfg = Release|Any CPU
		{1CDE17A8-6A4B-4844-B818-3D172E93ADBD}.Release|Any CPU.Build.0 = Release|Any CPU
		{3981C192-C57A-4E47-80B4-F71110384C95}.Debug|Any CPU.ActiveCfg = Debug|Any CPU
		{3981C192-C57A-4E47-80B4-F71110384C95}.Debug|Any CPU.Build.0 = Debug|Any CPU
		{3981C192-C57A-4E47-80B4-F71110384C95}.Release|Any CPU.ActiveCfg = Release|Any CPU
		{3981C192-C57A-4E47-80B4-F71110384C95}.Release|Any CPU.Build.0 = Release|Any CPU
		{2279F34E-B59D-4855-80BF-D84F5D80EA30}.Debug|Any CPU.ActiveCfg = Debug|Any CPU
		{2279F34E-B59D-4855-80BF-D84F5D80EA30}.Debug|Any CPU.Build.0 = Debug|Any CPU
		{2279F34E-B59D-4855-80BF-D84F5D80EA30}.Release|Any CPU.ActiveCfg = Release|Any CPU
		{2279F34E-B59D-4855-80BF-D84F5D80EA30}.Release|Any CPU.Build.0 = Release|Any CPU
		{9995775F-D1DA-4BB7-9860-0DFE69E79508}.Debug|Any CPU.ActiveCfg = Debug|Any CPU
		{9995775F-D1DA-4BB7-9860-0DFE69E79508}.Debug|Any CPU.Build.0 = Debug|Any CPU
		{9995775F-D1DA-4BB7-9860-0DFE69E79508}.Release|Any CPU.ActiveCfg = Release|Any CPU
		{9995775F-D1DA-4BB7-9860-0DFE69E79508}.Release|Any CPU.Build.0 = Release|Any CPU
		{D3F08F92-702B-4727-BC35-7A220964CA9E}.Debug|Any CPU.ActiveCfg = Debug|Any CPU
		{D3F08F92-702B-4727-BC35-7A220964CA9E}.Debug|Any CPU.Build.0 = Debug|Any CPU
		{D3F08F92-702B-4727-BC35-7A220964CA9E}.Release|Any CPU.ActiveCfg = Release|Any CPU
		{D3F08F92-702B-4727-BC35-7A220964CA9E}.Release|Any CPU.Build.0 = Release|Any CPU
		{5B227744-FACC-4BBD-B291-00C84367D254}.Debug|Any CPU.ActiveCfg = Debug|Any CPU
		{5B227744-FACC-4BBD-B291-00C84367D254}.Debug|Any CPU.Build.0 = Debug|Any CPU
		{5B227744-FACC-4BBD-B291-00C84367D254}.Release|Any CPU.ActiveCfg = Release|Any CPU
		{5B227744-FACC-4BBD-B291-00C84367D254}.Release|Any CPU.Build.0 = Release|Any CPU
		{6123802F-D044-4192-87CE-A8E320CC7660}.Debug|Any CPU.ActiveCfg = Debug|Any CPU
		{6123802F-D044-4192-87CE-A8E320CC7660}.Debug|Any CPU.Build.0 = Debug|Any CPU
		{6123802F-D044-4192-87CE-A8E320CC7660}.Release|Any CPU.ActiveCfg = Release|Any CPU
		{6123802F-D044-4192-87CE-A8E320CC7660}.Release|Any CPU.Build.0 = Release|Any CPU
		{071E01C1-3E6C-4452-A584-B1849A1C99E6}.Debug|Any CPU.ActiveCfg = Debug|Any CPU
		{071E01C1-3E6C-4452-A584-B1849A1C99E6}.Debug|Any CPU.Build.0 = Debug|Any CPU
		{071E01C1-3E6C-4452-A584-B1849A1C99E6}.Release|Any CPU.ActiveCfg = Release|Any CPU
		{071E01C1-3E6C-4452-A584-B1849A1C99E6}.Release|Any CPU.Build.0 = Release|Any CPU
		{120C62E1-895B-47FE-BFF0-91A8A90C5D95}.Debug|Any CPU.ActiveCfg = Debug|Any CPU
		{120C62E1-895B-47FE-BFF0-91A8A90C5D95}.Debug|Any CPU.Build.0 = Debug|Any CPU
		{120C62E1-895B-47FE-BFF0-91A8A90C5D95}.Release|Any CPU.ActiveCfg = Release|Any CPU
		{120C62E1-895B-47FE-BFF0-91A8A90C5D95}.Release|Any CPU.Build.0 = Release|Any CPU
		{BE9E679E-0D1B-4740-98B3-3C1375D5E1D8}.Debug|Any CPU.ActiveCfg = Debug|Any CPU
		{BE9E679E-0D1B-4740-98B3-3C1375D5E1D8}.Debug|Any CPU.Build.0 = Debug|Any CPU
		{BE9E679E-0D1B-4740-98B3-3C1375D5E1D8}.Release|Any CPU.ActiveCfg = Release|Any CPU
		{BE9E679E-0D1B-4740-98B3-3C1375D5E1D8}.Release|Any CPU.Build.0 = Release|Any CPU
		{A4C835DE-21C5-4EB0-A873-CAC7BFB73DE7}.Debug|Any CPU.ActiveCfg = Debug|Any CPU
		{A4C835DE-21C5-4EB0-A873-CAC7BFB73DE7}.Debug|Any CPU.Build.0 = Debug|Any CPU
		{A4C835DE-21C5-4EB0-A873-CAC7BFB73DE7}.Release|Any CPU.ActiveCfg = Release|Any CPU
		{A4C835DE-21C5-4EB0-A873-CAC7BFB73DE7}.Release|Any CPU.Build.0 = Release|Any CPU
	EndGlobalSection
	GlobalSection(SolutionProperties) = preSolution
		HideSolutionNode = FALSE
	EndGlobalSection
	GlobalSection(NestedProjects) = preSolution
		{D8705672-6FE5-4FA7-99D2-6CDE4DF5C01D} = {651B835F-849C-4FDA-914C-D522578A7FD7}
		{2E53189E-627A-462F-8F5A-877C0620B012} = {D6E57C0E-A05B-42E9-B790-95EF980E186B}
		{A67F9561-1A29-494C-ACC7-D86DB519BCF2} = {651B835F-849C-4FDA-914C-D522578A7FD7}
		{061F5889-B814-4F44-85EA-A8E3805DE5CA} = {49EB6532-8414-4B69-BB2A-674180AA7391}
		{FE3A5609-63B1-4EAF-B6D3-1AB29FBE53EF} = {49EB6532-8414-4B69-BB2A-674180AA7391}
		{1CDE17A8-6A4B-4844-B818-3D172E93ADBD} = {49EB6532-8414-4B69-BB2A-674180AA7391}
		{3981C192-C57A-4E47-80B4-F71110384C95} = {49EB6532-8414-4B69-BB2A-674180AA7391}
		{2279F34E-B59D-4855-80BF-D84F5D80EA30} = {49EB6532-8414-4B69-BB2A-674180AA7391}
		{9995775F-D1DA-4BB7-9860-0DFE69E79508} = {49EB6532-8414-4B69-BB2A-674180AA7391}
		{5B227744-FACC-4BBD-B291-00C84367D254} = {651B835F-849C-4FDA-914C-D522578A7FD7}
		{6123802F-D044-4192-87CE-A8E320CC7660} = {651B835F-849C-4FDA-914C-D522578A7FD7}
		{120C62E1-895B-47FE-BFF0-91A8A90C5D95} = {651B835F-849C-4FDA-914C-D522578A7FD7}
		{BE9E679E-0D1B-4740-98B3-3C1375D5E1D8} = {651B835F-849C-4FDA-914C-D522578A7FD7}
		{A4C835DE-21C5-4EB0-A873-CAC7BFB73DE7} = {651B835F-849C-4FDA-914C-D522578A7FD7}
	EndGlobalSection
	GlobalSection(ExtensibilityGlobals) = postSolution
		SolutionGuid = {EBBC72F0-F0F6-4760-84B0-201E18B6103F}
	EndGlobalSection
EndGlobal
